{
  "originHash" : "01f4e902ebd2bedebc097704cfa7885b29b541ddf7507335413761f862a9299f",
  "pins" : [
    {
      "identity" : "codepointmacro",
      "kind" : "remoteSourceControl",
      "location" : "https://github.com/stefanspringer1/CodepointMacro",
      "state" : {
        "revision" : "d83f6608255b967335658d1ca4ee36db28042b37",
        "version" : "1.0.3"
      }
    },
    {
      "identity" : "fastreplace",
      "kind" : "remoteSourceControl",
      "location" : "https://github.com/stefanspringer1/FastReplace",
      "state" : {
        "revision" : "29b55e2c8eaadb7928739fc15a780419a85c5713",
        "version" : "1.0.5"
      }
    },
    {
      "identity" : "swift-syntax",
      "kind" : "remoteSourceControl",
      "location" : "https://github.com/apple/swift-syntax.git",
      "state" : {
        "revision" : "64889f0c732f210a935a0ad7cda38f77f876262d",
        "version" : "509.1.1"
      }
    }
  ],
  "version" : 3
}
