{
  "originHash" : "7629777578b590b38851319f92b0ee8ba559830b604b338351a10f843661013b",
  "pins" : [
    {
      "identity" : "codepointmacro",
      "kind" : "remoteSourceControl",
      "location" : "https://github.com/stefanspringer1/CodepointMacro",
      "state" : {
        "revision" : "d83f6608255b967335658d1ca4ee36db28042b37",
        "version" : "1.0.3"
      }
    },
    {
      "identity" : "fastreplace",
      "kind" : "remoteSourceControl",
      "location" : "https://github.com/stefanspringer1/FastReplace",
      "state" : {
        "revision" : "6dd2806c16e72a6fc4e174d9e1d2fb522f94338c",
        "version" : "1.0.4"
      }
    },
    {
      "identity" : "swift-syntax",
      "kind" : "remoteSourceControl",
      "location" : "https://github.com/apple/swift-syntax.git",
      "state" : {
        "revision" : "64889f0c732f210a935a0ad7cda38f77f876262d",
        "version" : "509.1.1"
      }
    }
  ],
  "version" : 3
}
