{
  "originHash" : "893ad29ac2939b667842f2854e9331550993b9af3f057a742f3c8c95cac8aa03",
  "pins" : [
    {
      "identity" : "codepointmacro",
      "kind" : "remoteSourceControl",
      "location" : "https://github.com/stefanspringer1/CodepointMacro",
      "state" : {
        "revision" : "c8daa3409e2d0a53d201ea0e62b3a9f8e338a473",
        "version" : "1.0.1"
      }
    },
    {
      "identity" : "fastreplace",
      "kind" : "remoteSourceControl",
      "location" : "https://github.com/stefanspringer1/FastReplace",
      "state" : {
        "revision" : "ba302cf7d7720bfe5985aad4cf97a7ccdb087201",
        "version" : "1.0.0"
      }
    },
    {
      "identity" : "swift-syntax",
      "kind" : "remoteSourceControl",
      "location" : "https://github.com/apple/swift-syntax.git",
      "state" : {
        "revision" : "64889f0c732f210a935a0ad7cda38f77f876262d",
        "version" : "509.1.1"
      }
    }
  ],
  "version" : 3
}
